
Microsoft Visual Studio Solution File, Format Version 12.00
# Visual Studio Version 17
VisualStudioVersion = 17.9.34728.123
MinimumVisualStudioVersion = 10.0.40219.1
Project("{FAE04EC0-301F-11D3-BF4B-00C04F79EFBC}") = "Ans_8", "Ans_8.csproj", "{1610B32D-8436-4604-8C13-1F45E50B1EEE}"
EndProject
Global
	GlobalSection(SolutionConfigurationPlatforms) = preSolution
		Debug|Any CPU = Debug|Any CPU
		Release|Any CPU = Release|Any CPU
	EndGlobalSection
	GlobalSection(ProjectConfigurationPlatforms) = postSolution
		{1610B32D-8436-4604-8C13-1F45E50B1EEE}.Debug|Any CPU.ActiveCfg = Debug|Any CPU
		{1610B32D-8436-4604-8C13-1F45E50B1EEE}.Debug|Any CPU.Build.0 = Debug|Any CPU
		{1610B32D-8436-4604-8C13-1F45E50B1EEE}.Release|Any CPU.ActiveCfg = Release|Any CPU
		{1610B32D-8436-4604-8C13-1F45E50B1EEE}.Release|Any CPU.Build.0 = Release|Any CPU
	EndGlobalSection
	GlobalSection(SolutionProperties) = preSolution
		HideSolutionNode = FALSE
	EndGlobalSection
	GlobalSection(ExtensibilityGlobals) = postSolution
		SolutionGuid = {F58922E1-9532-4C79-ACB3-611BEEEBDC13}
	EndGlobalSection
EndGlobal
