
Microsoft Visual Studio Solution File, Format Version 12.00
# Visual Studio Version 17
VisualStudioVersion = 17.9.34728.123
MinimumVisualStudioVersion = 10.0.40219.1
Project("{FAE04EC0-301F-11D3-BF4B-00C04F79EFBC}") = "Ans_4", "Ans_4.csproj", "{AD7BDAD9-C9DF-4BCA-B36A-355E462AA53F}"
EndProject
Global
	GlobalSection(SolutionConfigurationPlatforms) = preSolution
		Debug|Any CPU = Debug|Any CPU
		Release|Any CPU = Release|Any CPU
	EndGlobalSection
	GlobalSection(ProjectConfigurationPlatforms) = postSolution
		{AD7BDAD9-C9DF-4BCA-B36A-355E462AA53F}.Debug|Any CPU.ActiveCfg = Debug|Any CPU
		{AD7BDAD9-C9DF-4BCA-B36A-355E462AA53F}.Debug|Any CPU.Build.0 = Debug|Any CPU
		{AD7BDAD9-C9DF-4BCA-B36A-355E462AA53F}.Release|Any CPU.ActiveCfg = Release|Any CPU
		{AD7BDAD9-C9DF-4BCA-B36A-355E462AA53F}.Release|Any CPU.Build.0 = Release|Any CPU
	EndGlobalSection
	GlobalSection(SolutionProperties) = preSolution
		HideSolutionNode = FALSE
	EndGlobalSection
	GlobalSection(ExtensibilityGlobals) = postSolution
		SolutionGuid = {8639BBA5-475F-4D6F-A1DD-8EC0DBF29043}
	EndGlobalSection
EndGlobal
