
Microsoft Visual Studio Solution File, Format Version 12.00
# Visual Studio Version 17
VisualStudioVersion = 17.9.34728.123
MinimumVisualStudioVersion = 10.0.40219.1
Project("{FAE04EC0-301F-11D3-BF4B-00C04F79EFBC}") = "Alt Ans_7", "Alt Ans_7.csproj", "{F2CF8F3E-8BE0-40D8-9C68-AEA9D716DD20}"
EndProject
Global
	GlobalSection(SolutionConfigurationPlatforms) = preSolution
		Debug|Any CPU = Debug|Any CPU
		Release|Any CPU = Release|Any CPU
	EndGlobalSection
	GlobalSection(ProjectConfigurationPlatforms) = postSolution
		{F2CF8F3E-8BE0-40D8-9C68-AEA9D716DD20}.Debug|Any CPU.ActiveCfg = Debug|Any CPU
		{F2CF8F3E-8BE0-40D8-9C68-AEA9D716DD20}.Debug|Any CPU.Build.0 = Debug|Any CPU
		{F2CF8F3E-8BE0-40D8-9C68-AEA9D716DD20}.Release|Any CPU.ActiveCfg = Release|Any CPU
		{F2CF8F3E-8BE0-40D8-9C68-AEA9D716DD20}.Release|Any CPU.Build.0 = Release|Any CPU
	EndGlobalSection
	GlobalSection(SolutionProperties) = preSolution
		HideSolutionNode = FALSE
	EndGlobalSection
	GlobalSection(ExtensibilityGlobals) = postSolution
		SolutionGuid = {1510BA7A-46A7-49E5-8031-7DD89FE68C29}
	EndGlobalSection
EndGlobal
