
Microsoft Visual Studio Solution File, Format Version 12.00
# Visual Studio Version 17
VisualStudioVersion = 17.9.34728.123
MinimumVisualStudioVersion = 10.0.40219.1
Project("{FAE04EC0-301F-11D3-BF4B-00C04F79EFBC}") = "Ans_1", "Ans_1.csproj", "{6B33C8E0-6490-4EEE-B849-B22441A1DB6E}"
EndProject
Global
	GlobalSection(SolutionConfigurationPlatforms) = preSolution
		Debug|Any CPU = Debug|Any CPU
		Release|Any CPU = Release|Any CPU
	EndGlobalSection
	GlobalSection(ProjectConfigurationPlatforms) = postSolution
		{6B33C8E0-6490-4EEE-B849-B22441A1DB6E}.Debug|Any CPU.ActiveCfg = Debug|Any CPU
		{6B33C8E0-6490-4EEE-B849-B22441A1DB6E}.Debug|Any CPU.Build.0 = Debug|Any CPU
		{6B33C8E0-6490-4EEE-B849-B22441A1DB6E}.Release|Any CPU.ActiveCfg = Release|Any CPU
		{6B33C8E0-6490-4EEE-B849-B22441A1DB6E}.Release|Any CPU.Build.0 = Release|Any CPU
	EndGlobalSection
	GlobalSection(SolutionProperties) = preSolution
		HideSolutionNode = FALSE
	EndGlobalSection
	GlobalSection(ExtensibilityGlobals) = postSolution
		SolutionGuid = {11553C10-863C-4E60-BDC2-0E7B11A4C18C}
	EndGlobalSection
EndGlobal
